
Microsoft Visual Studio Solution File, Format Version 12.00
# Visual Studio 15
VisualStudioVersion = 15.0.28307.757
MinimumVisualStudioVersion = 10.0.40219.1
Project("{FAE04EC0-301F-11D3-BF4B-00C04F79EFBC}") = "CommonLibrary", "CommonLibrary\CommonLibrary.csproj", "{86A38C4A-ADBF-4432-8F86-46BD3A21C686}"
EndProject
Project("{FAE04EC0-301F-11D3-BF4B-00C04F79EFBC}") = "PresentForm", "PresentForm\PresentForm.csproj", "{AB617D53-21F0-44B8-BE43-7DE17B722130}"
	ProjectSection(ProjectDependencies) = postProject
		{C12B0340-815F-44E8-8B3D-80FCFDE7AEB2} = {C12B0340-815F-44E8-8B3D-80FCFDE7AEB2}
		{86A38C4A-ADBF-4432-8F86-46BD3A21C686} = {86A38C4A-ADBF-4432-8F86-46BD3A21C686}
		{B05FCF9C-9F3E-4EC2-8F10-A521343DDB2E} = {B05FCF9C-9F3E-4EC2-8F10-A521343DDB2E}
	EndProjectSection
EndProject
Project("{FAE04EC0-301F-11D3-BF4B-00C04F79EFBC}") = "EmguCVLibrary", "EmguCVLibrary\EmguCVLibrary.csproj", "{B05FCF9C-9F3E-4EC2-8F10-A521343DDB2E}"
EndProject
Project("{FAE04EC0-301F-11D3-BF4B-00C04F79EFBC}") = "DataAccessLibrary", "DataAccessLibrary\DataAccessLibrary.csproj", "{C12B0340-815F-44E8-8B3D-80FCFDE7AEB2}"
EndProject
Project("{FAE04EC0-301F-11D3-BF4B-00C04F79EFBC}") = "MyTool", "MyTool\MyTool.csproj", "{32132BED-7049-4E7E-8A58-0436A766C9A7}"
EndProject
Project("{FAE04EC0-301F-11D3-BF4B-00C04F79EFBC}") = "HslCommunication", "HslCommunication\HslCommunication.csproj", "{7F8029DA-1B94-4B1D-B91F-5B21DBF2F3A2}"
EndProject
Project("{FAE04EC0-301F-11D3-BF4B-00C04F79EFBC}") = "MyLibrary", "MyLibrary\MyLibrary.csproj", "{A6151241-C09E-4021-B3C3-D6CCE86DEF28}"
EndProject
Project("{FAE04EC0-301F-11D3-BF4B-00C04F79EFBC}") = "Train", "Train\Train.csproj", "{B16E0115-4CB6-4D35-9C66-300D6CE513C9}"
EndProject
Global
	GlobalSection(SolutionConfigurationPlatforms) = preSolution
		Debug|Any CPU = Debug|Any CPU
		Debug|x64 = Debug|x64
		Debug|x86 = Debug|x86
		Release|Any CPU = Release|Any CPU
		Release|x64 = Release|x64
		Release|x86 = Release|x86
	EndGlobalSection
	GlobalSection(ProjectConfigurationPlatforms) = postSolution
		{86A38C4A-ADBF-4432-8F86-46BD3A21C686}.Debug|Any CPU.ActiveCfg = Debug|Any CPU
		{86A38C4A-ADBF-4432-8F86-46BD3A21C686}.Debug|Any CPU.Build.0 = Debug|Any CPU
		{86A38C4A-ADBF-4432-8F86-46BD3A21C686}.Debug|x64.ActiveCfg = Debug|Any CPU
		{86A38C4A-ADBF-4432-8F86-46BD3A21C686}.Debug|x64.Build.0 = Debug|Any CPU
		{86A38C4A-ADBF-4432-8F86-46BD3A21C686}.Debug|x86.ActiveCfg = Debug|Any CPU
		{86A38C4A-ADBF-4432-8F86-46BD3A21C686}.Debug|x86.Build.0 = Debug|Any CPU
		{86A38C4A-ADBF-4432-8F86-46BD3A21C686}.Release|Any CPU.ActiveCfg = Release|Any CPU
		{86A38C4A-ADBF-4432-8F86-46BD3A21C686}.Release|Any CPU.Build.0 = Release|Any CPU
		{86A38C4A-ADBF-4432-8F86-46BD3A21C686}.Release|x64.ActiveCfg = Release|Any CPU
		{86A38C4A-ADBF-4432-8F86-46BD3A21C686}.Release|x64.Build.0 = Release|Any CPU
		{86A38C4A-ADBF-4432-8F86-46BD3A21C686}.Release|x86.ActiveCfg = Release|Any CPU
		{86A38C4A-ADBF-4432-8F86-46BD3A21C686}.Release|x86.Build.0 = Release|Any CPU
		{AB617D53-21F0-44B8-BE43-7DE17B722130}.Debug|Any CPU.ActiveCfg = Debug|Any CPU
		{AB617D53-21F0-44B8-BE43-7DE17B722130}.Debug|Any CPU.Build.0 = Debug|Any CPU
		{AB617D53-21F0-44B8-BE43-7DE17B722130}.Debug|x64.ActiveCfg = Debug|Any CPU
		{AB617D53-21F0-44B8-BE43-7DE17B722130}.Debug|x64.Build.0 = Debug|Any CPU
		{AB617D53-21F0-44B8-BE43-7DE17B722130}.Debug|x86.ActiveCfg = Debug|Any CPU
		{AB617D53-21F0-44B8-BE43-7DE17B722130}.Debug|x86.Build.0 = Debug|Any CPU
		{AB617D53-21F0-44B8-BE43-7DE17B722130}.Release|Any CPU.ActiveCfg = Release|Any CPU
		{AB617D53-21F0-44B8-BE43-7DE17B722130}.Release|Any CPU.Build.0 = Release|Any CPU
		{AB617D53-21F0-44B8-BE43-7DE17B722130}.Release|x64.ActiveCfg = Release|Any CPU
		{AB617D53-21F0-44B8-BE43-7DE17B722130}.Release|x64.Build.0 = Release|Any CPU
		{AB617D53-21F0-44B8-BE43-7DE17B722130}.Release|x86.ActiveCfg = Release|Any CPU
		{AB617D53-21F0-44B8-BE43-7DE17B722130}.Release|x86.Build.0 = Release|Any CPU
		{B05FCF9C-9F3E-4EC2-8F10-A521343DDB2E}.Debug|Any CPU.ActiveCfg = Debug|Any CPU
		{B05FCF9C-9F3E-4EC2-8F10-A521343DDB2E}.Debug|Any CPU.Build.0 = Debug|Any CPU
		{B05FCF9C-9F3E-4EC2-8F10-A521343DDB2E}.Debug|x64.ActiveCfg = Debug|Any CPU
		{B05FCF9C-9F3E-4EC2-8F10-A521343DDB2E}.Debug|x64.Build.0 = Debug|Any CPU
		{B05FCF9C-9F3E-4EC2-8F10-A521343DDB2E}.Debug|x86.ActiveCfg = Debug|Any CPU
		{B05FCF9C-9F3E-4EC2-8F10-A521343DDB2E}.Debug|x86.Build.0 = Debug|Any CPU
		{B05FCF9C-9F3E-4EC2-8F10-A521343DDB2E}.Release|Any CPU.ActiveCfg = Release|Any CPU
		{B05FCF9C-9F3E-4EC2-8F10-A521343DDB2E}.Release|Any CPU.Build.0 = Release|Any CPU
		{B05FCF9C-9F3E-4EC2-8F10-A521343DDB2E}.Release|x64.ActiveCfg = Release|Any CPU
		{B05FCF9C-9F3E-4EC2-8F10-A521343DDB2E}.Release|x64.Build.0 = Release|Any CPU
		{B05FCF9C-9F3E-4EC2-8F10-A521343DDB2E}.Release|x86.ActiveCfg = Release|Any CPU
		{B05FCF9C-9F3E-4EC2-8F10-A521343DDB2E}.Release|x86.Build.0 = Release|Any CPU
		{C12B0340-815F-44E8-8B3D-80FCFDE7AEB2}.Debug|Any CPU.ActiveCfg = Debug|Any CPU
		{C12B0340-815F-44E8-8B3D-80FCFDE7AEB2}.Debug|Any CPU.Build.0 = Debug|Any CPU
		{C12B0340-815F-44E8-8B3D-80FCFDE7AEB2}.Debug|x64.ActiveCfg = Debug|Any CPU
		{C12B0340-815F-44E8-8B3D-80FCFDE7AEB2}.Debug|x64.Build.0 = Debug|Any CPU
		{C12B0340-815F-44E8-8B3D-80FCFDE7AEB2}.Debug|x86.ActiveCfg = Debug|Any CPU
		{C12B0340-815F-44E8-8B3D-80FCFDE7AEB2}.Debug|x86.Build.0 = Debug|Any CPU
		{C12B0340-815F-44E8-8B3D-80FCFDE7AEB2}.Release|Any CPU.ActiveCfg = Release|Any CPU
		{C12B0340-815F-44E8-8B3D-80FCFDE7AEB2}.Release|Any CPU.Build.0 = Release|Any CPU
		{C12B0340-815F-44E8-8B3D-80FCFDE7AEB2}.Release|x64.ActiveCfg = Release|Any CPU
		{C12B0340-815F-44E8-8B3D-80FCFDE7AEB2}.Release|x64.Build.0 = Release|Any CPU
		{C12B0340-815F-44E8-8B3D-80FCFDE7AEB2}.Release|x86.ActiveCfg = Release|Any CPU
		{C12B0340-815F-44E8-8B3D-80FCFDE7AEB2}.Release|x86.Build.0 = Release|Any CPU
		{32132BED-7049-4E7E-8A58-0436A766C9A7}.Debug|Any CPU.ActiveCfg = Debug|Any CPU
		{32132BED-7049-4E7E-8A58-0436A766C9A7}.Debug|Any CPU.Build.0 = Debug|Any CPU
		{32132BED-7049-4E7E-8A58-0436A766C9A7}.Debug|x64.ActiveCfg = Debug|Any CPU
		{32132BED-7049-4E7E-8A58-0436A766C9A7}.Debug|x64.Build.0 = Debug|Any CPU
		{32132BED-7049-4E7E-8A58-0436A766C9A7}.Debug|x86.ActiveCfg = Debug|Any CPU
		{32132BED-7049-4E7E-8A58-0436A766C9A7}.Debug|x86.Build.0 = Debug|Any CPU
		{32132BED-7049-4E7E-8A58-0436A766C9A7}.Release|Any CPU.ActiveCfg = Release|Any CPU
		{32132BED-7049-4E7E-8A58-0436A766C9A7}.Release|Any CPU.Build.0 = Release|Any CPU
		{32132BED-7049-4E7E-8A58-0436A766C9A7}.Release|x64.ActiveCfg = Release|Any CPU
		{32132BED-7049-4E7E-8A58-0436A766C9A7}.Release|x64.Build.0 = Release|Any CPU
		{32132BED-7049-4E7E-8A58-0436A766C9A7}.Release|x86.ActiveCfg = Release|Any CPU
		{32132BED-7049-4E7E-8A58-0436A766C9A7}.Release|x86.Build.0 = Release|Any CPU
		{7F8029DA-1B94-4B1D-B91F-5B21DBF2F3A2}.Debug|Any CPU.ActiveCfg = Debug|Any CPU
		{7F8029DA-1B94-4B1D-B91F-5B21DBF2F3A2}.Debug|Any CPU.Build.0 = Debug|Any CPU
		{7F8029DA-1B94-4B1D-B91F-5B21DBF2F3A2}.Debug|x64.ActiveCfg = Debug|Any CPU
		{7F8029DA-1B94-4B1D-B91F-5B21DBF2F3A2}.Debug|x64.Build.0 = Debug|Any CPU
		{7F8029DA-1B94-4B1D-B91F-5B21DBF2F3A2}.Debug|x86.ActiveCfg = Debug|Any CPU
		{7F8029DA-1B94-4B1D-B91F-5B21DBF2F3A2}.Debug|x86.Build.0 = Debug|Any CPU
		{7F8029DA-1B94-4B1D-B91F-5B21DBF2F3A2}.Release|Any CPU.ActiveCfg = Release|Any CPU
		{7F8029DA-1B94-4B1D-B91F-5B21DBF2F3A2}.Release|Any CPU.Build.0 = Release|Any CPU
		{7F8029DA-1B94-4B1D-B91F-5B21DBF2F3A2}.Release|x64.ActiveCfg = Release|Any CPU
		{7F8029DA-1B94-4B1D-B91F-5B21DBF2F3A2}.Release|x64.Build.0 = Release|Any CPU
		{7F8029DA-1B94-4B1D-B91F-5B21DBF2F3A2}.Release|x86.ActiveCfg = Release|Any CPU
		{7F8029DA-1B94-4B1D-B91F-5B21DBF2F3A2}.Release|x86.Build.0 = Release|Any CPU
		{A6151241-C09E-4021-B3C3-D6CCE86DEF28}.Debug|Any CPU.ActiveCfg = Debug|Any CPU
		{A6151241-C09E-4021-B3C3-D6CCE86DEF28}.Debug|Any CPU.Build.0 = Debug|Any CPU
		{A6151241-C09E-4021-B3C3-D6CCE86DEF28}.Debug|x64.ActiveCfg = Debug|Any CPU
		{A6151241-C09E-4021-B3C3-D6CCE86DEF28}.Debug|x64.Build.0 = Debug|Any CPU
		{A6151241-C09E-4021-B3C3-D6CCE86DEF28}.Debug|x86.ActiveCfg = Debug|Any CPU
		{A6151241-C09E-4021-B3C3-D6CCE86DEF28}.Debug|x86.Build.0 = Debug|Any CPU
		{A6151241-C09E-4021-B3C3-D6CCE86DEF28}.Release|Any CPU.ActiveCfg = Release|Any CPU
		{A6151241-C09E-4021-B3C3-D6CCE86DEF28}.Release|Any CPU.Build.0 = Release|Any CPU
		{A6151241-C09E-4021-B3C3-D6CCE86DEF28}.Release|x64.ActiveCfg = Release|Any CPU
		{A6151241-C09E-4021-B3C3-D6CCE86DEF28}.Release|x64.Build.0 = Release|Any CPU
		{A6151241-C09E-4021-B3C3-D6CCE86DEF28}.Release|x86.ActiveCfg = Release|Any CPU
		{A6151241-C09E-4021-B3C3-D6CCE86DEF28}.Release|x86.Build.0 = Release|Any CPU
		{B16E0115-4CB6-4D35-9C66-300D6CE513C9}.Debug|Any CPU.ActiveCfg = Debug|Any CPU
		{B16E0115-4CB6-4D35-9C66-300D6CE513C9}.Debug|Any CPU.Build.0 = Debug|Any CPU
		{B16E0115-4CB6-4D35-9C66-300D6CE513C9}.Debug|x64.ActiveCfg = Debug|Any CPU
		{B16E0115-4CB6-4D35-9C66-300D6CE513C9}.Debug|x64.Build.0 = Debug|Any CPU
		{B16E0115-4CB6-4D35-9C66-300D6CE513C9}.Debug|x86.ActiveCfg = Debug|Any CPU
		{B16E0115-4CB6-4D35-9C66-300D6CE513C9}.Debug|x86.Build.0 = Debug|Any CPU
		{B16E0115-4CB6-4D35-9C66-300D6CE513C9}.Release|Any CPU.ActiveCfg = Release|Any CPU
		{B16E0115-4CB6-4D35-9C66-300D6CE513C9}.Release|Any CPU.Build.0 = Release|Any CPU
		{B16E0115-4CB6-4D35-9C66-300D6CE513C9}.Release|x64.ActiveCfg = Release|Any CPU
		{B16E0115-4CB6-4D35-9C66-300D6CE513C9}.Release|x64.Build.0 = Release|Any CPU
		{B16E0115-4CB6-4D35-9C66-300D6CE513C9}.Release|x86.ActiveCfg = Release|Any CPU
		{B16E0115-4CB6-4D35-9C66-300D6CE513C9}.Release|x86.Build.0 = Release|Any CPU
	EndGlobalSection
	GlobalSection(SolutionProperties) = preSolution
		HideSolutionNode = FALSE
	EndGlobalSection
	GlobalSection(ExtensibilityGlobals) = postSolution
		SolutionGuid = {F5A398E5-FA84-4C12-88E8-1FCD345B9ACF}
	EndGlobalSection
EndGlobal
